// !$*UTF8*$!
{
	archiveVersion = 1;
	classes = {
	};
	objectVersion = 46;
	objects = {

/* Begin PBXBuildFile section */
		340B093C1BB0F895007AD82C /* HeadScroolView.m in Sources */ = {isa = PBXBuildFile; fileRef = 340B093B1BB0F895007AD82C /* HeadScroolView.m */; };
		340C04991C4F79CB00042C2B /* MJNewsCell.xib in Resources */ = {isa = PBXBuildFile; fileRef = 340C04931C4F79CB00042C2B /* MJNewsCell.xib */; };
		340C049A1C4F79CB00042C2B /* MJNewsView.m in Sources */ = {isa = PBXBuildFile; fileRef = 340C04951C4F79CB00042C2B /* MJNewsView.m */; };
		340C049B1C4F79CB00042C2B /* MJNewsView.xib in Resources */ = {isa = PBXBuildFile; fileRef = 340C04961C4F79CB00042C2B /* MJNewsView.xib */; };
		340C049C1C4F79CB00042C2B /* MJNewsCell.m in Sources */ = {isa = PBXBuildFile; fileRef = 340C04971C4F79CB00042C2B /* MJNewsCell.m */; };
		3474BD8B1B95B24700F4E968 /* main.m in Sources */ = {isa = PBXBuildFile; fileRef = 3474BD8A1B95B24700F4E968 /* main.m */; };
		3474BD8E1B95B24700F4E968 /* AppDelegate.m in Sources */ = {isa = PBXBuildFile; fileRef = 3474BD8D1B95B24700F4E968 /* AppDelegate.m */; };
		3474BD941B95B24700F4E968 /* Main.storyboard in Resources */ = {isa = PBXBuildFile; fileRef = 3474BD921B95B24700F4E968 /* Main.storyboard */; };
		3474BD961B95B24700F4E968 /* Images.xcassets in Resources */ = {isa = PBXBuildFile; fileRef = 3474BD951B95B24700F4E968 /* Images.xcassets */; };
		3474BD991B95B24700F4E968 /* LaunchScreen.xib in Resources */ = {isa = PBXBuildFile; fileRef = 3474BD971B95B24700F4E968 /* LaunchScreen.xib */; };
		3474BDA51B95B24800F4E968 /* ____Tests.m in Sources */ = {isa = PBXBuildFile; fileRef = 3474BDA41B95B24800F4E968 /* ____Tests.m */; };
		347E7E7C1C229939009ED12F /* MKAnnotationView+WebCache.m in Sources */ = {isa = PBXBuildFile; fileRef = 347E7E5C1C229939009ED12F /* MKAnnotationView+WebCache.m */; };
		347E7E7D1C229939009ED12F /* NSData+ImageContentType.m in Sources */ = {isa = PBXBuildFile; fileRef = 347E7E5E1C229939009ED12F /* NSData+ImageContentType.m */; };
		347E7E7E1C229939009ED12F /* SDImageCache.m in Sources */ = {isa = PBXBuildFile; fileRef = 347E7E601C229939009ED12F /* SDImageCache.m */; };
		347E7E7F1C229939009ED12F /* SDWebImageCompat.m in Sources */ = {isa = PBXBuildFile; fileRef = 347E7E621C229939009ED12F /* SDWebImageCompat.m */; };
		347E7E801C229939009ED12F /* SDWebImageDecoder.m in Sources */ = {isa = PBXBuildFile; fileRef = 347E7E641C229939009ED12F /* SDWebImageDecoder.m */; };
		347E7E811C229939009ED12F /* SDWebImageDownloader.m in Sources */ = {isa = PBXBuildFile; fileRef = 347E7E661C229939009ED12F /* SDWebImageDownloader.m */; };
		347E7E821C229939009ED12F /* SDWebImageDownloaderOperation.m in Sources */ = {isa = PBXBuildFile; fileRef = 347E7E681C229939009ED12F /* SDWebImageDownloaderOperation.m */; };
		347E7E831C229939009ED12F /* SDWebImageManager.m in Sources */ = {isa = PBXBuildFile; fileRef = 347E7E6A1C229939009ED12F /* SDWebImageManager.m */; };
		347E7E841C229939009ED12F /* SDWebImagePrefetcher.m in Sources */ = {isa = PBXBuildFile; fileRef = 347E7E6D1C229939009ED12F /* SDWebImagePrefetcher.m */; };
		347E7E851C229939009ED12F /* UIButton+WebCache.m in Sources */ = {isa = PBXBuildFile; fileRef = 347E7E6F1C229939009ED12F /* UIButton+WebCache.m */; };
		347E7E861C229939009ED12F /* UIImage+GIF.m in Sources */ = {isa = PBXBuildFile; fileRef = 347E7E711C229939009ED12F /* UIImage+GIF.m */; };
		347E7E871C229939009ED12F /* UIImage+MultiFormat.m in Sources */ = {isa = PBXBuildFile; fileRef = 347E7E731C229939009ED12F /* UIImage+MultiFormat.m */; };
		347E7E881C229939009ED12F /* UIImage+WebP.m in Sources */ = {isa = PBXBuildFile; fileRef = 347E7E751C229939009ED12F /* UIImage+WebP.m */; };
		347E7E891C229939009ED12F /* UIImageView+HighlightedWebCache.m in Sources */ = {isa = PBXBuildFile; fileRef = 347E7E771C229939009ED12F /* UIImageView+HighlightedWebCache.m */; };
		347E7E8A1C229939009ED12F /* UIImageView+WebCache.m in Sources */ = {isa = PBXBuildFile; fileRef = 347E7E791C229939009ED12F /* UIImageView+WebCache.m */; };
		347E7E8B1C229939009ED12F /* UIView+WebCacheOperation.m in Sources */ = {isa = PBXBuildFile; fileRef = 347E7E7B1C229939009ED12F /* UIView+WebCacheOperation.m */; };
		34D5BD7D1C228BD0004ECD5C /* UIView+Extension.m in Sources */ = {isa = PBXBuildFile; fileRef = 34D5BD7C1C228BD0004ECD5C /* UIView+Extension.m */; };
		34E08CA11B9BC997002B5B49 /* ListModel.m in Sources */ = {isa = PBXBuildFile; fileRef = 34E08CA01B9BC997002B5B49 /* ListModel.m */; };
		34E08CC61B9BDDC0002B5B49 /* NewsCell.m in Sources */ = {isa = PBXBuildFile; fileRef = 34E08CC41B9BDDC0002B5B49 /* NewsCell.m */; };
		34E08CCA1B9BEC37002B5B49 /* NewsFrame.m in Sources */ = {isa = PBXBuildFile; fileRef = 34E08CC91B9BEC37002B5B49 /* NewsFrame.m */; };
		34E08CCE1B9C0749002B5B49 /* SaveController.m in Sources */ = {isa = PBXBuildFile; fileRef = 34E08CCD1B9C0749002B5B49 /* SaveController.m */; };
		34E08CD61B9C0FA7002B5B49 /* SettingVireController.m in Sources */ = {isa = PBXBuildFile; fileRef = 34E08CD51B9C0FA7002B5B49 /* SettingVireController.m */; };
		34E08CDC1B9C13E0002B5B49 /* WebViewController.m in Sources */ = {isa = PBXBuildFile; fileRef = 34E08CDB1B9C13E0002B5B49 /* WebViewController.m */; };
		34E08D1B1B9C2D9F002B5B49 /* MJRefreshAutoFooter.m in Sources */ = {isa = PBXBuildFile; fileRef = 34E08CF11B9C2D9F002B5B49 /* MJRefreshAutoFooter.m */; };
		34E08D1C1B9C2D9F002B5B49 /* MJRefreshBackFooter.m in Sources */ = {isa = PBXBuildFile; fileRef = 34E08CF31B9C2D9F002B5B49 /* MJRefreshBackFooter.m */; };
		34E08D1D1B9C2D9F002B5B49 /* MJRefreshComponent.m in Sources */ = {isa = PBXBuildFile; fileRef = 34E08CF51B9C2D9F002B5B49 /* MJRefreshComponent.m */; };
		34E08D1E1B9C2D9F002B5B49 /* MJRefreshFooter.m in Sources */ = {isa = PBXBuildFile; fileRef = 34E08CF71B9C2D9F002B5B49 /* MJRefreshFooter.m */; };
		34E08D1F1B9C2D9F002B5B49 /* MJRefreshHeader.m in Sources */ = {isa = PBXBuildFile; fileRef = 34E08CF91B9C2D9F002B5B49 /* MJRefreshHeader.m */; };
		34E08D201B9C2D9F002B5B49 /* MJRefreshAutoGifFooter.m in Sources */ = {isa = PBXBuildFile; fileRef = 34E08CFE1B9C2D9F002B5B49 /* MJRefreshAutoGifFooter.m */; };
		34E08D211B9C2D9F002B5B49 /* MJRefreshAutoNormalFooter.m in Sources */ = {isa = PBXBuildFile; fileRef = 34E08D001B9C2D9F002B5B49 /* MJRefreshAutoNormalFooter.m */; };
		34E08D221B9C2D9F002B5B49 /* MJRefreshAutoStateFooter.m in Sources */ = {isa = PBXBuildFile; fileRef = 34E08D021B9C2D9F002B5B49 /* MJRefreshAutoStateFooter.m */; };
		34E08D231B9C2D9F002B5B49 /* MJRefreshBackGifFooter.m in Sources */ = {isa = PBXBuildFile; fileRef = 34E08D051B9C2D9F002B5B49 /* MJRefreshBackGifFooter.m */; };
		34E08D241B9C2D9F002B5B49 /* MJRefreshBackNormalFooter.m in Sources */ = {isa = PBXBuildFile; fileRef = 34E08D071B9C2D9F002B5B49 /* MJRefreshBackNormalFooter.m */; };
		34E08D251B9C2D9F002B5B49 /* MJRefreshBackStateFooter.m in Sources */ = {isa = PBXBuildFile; fileRef = 34E08D091B9C2D9F002B5B49 /* MJRefreshBackStateFooter.m */; };
		34E08D261B9C2D9F002B5B49 /* MJRefreshGifHeader.m in Sources */ = {isa = PBXBuildFile; fileRef = 34E08D0C1B9C2D9F002B5B49 /* MJRefreshGifHeader.m */; };
		34E08D271B9C2D9F002B5B49 /* MJRefreshNormalHeader.m in Sources */ = {isa = PBXBuildFile; fileRef = 34E08D0E1B9C2D9F002B5B49 /* MJRefreshNormalHeader.m */; };
		34E08D281B9C2D9F002B5B49 /* MJRefreshStateHeader.m in Sources */ = {isa = PBXBuildFile; fileRef = 34E08D101B9C2D9F002B5B49 /* MJRefreshStateHeader.m */; };
		34E08D291B9C2D9F002B5B49 /* MJRefresh.bundle in Resources */ = {isa = PBXBuildFile; fileRef = 34E08D111B9C2D9F002B5B49 /* MJRefresh.bundle */; };
		34E08D2A1B9C2D9F002B5B49 /* MJRefreshConst.m in Sources */ = {isa = PBXBuildFile; fileRef = 34E08D141B9C2D9F002B5B49 /* MJRefreshConst.m */; };
		34E08D2B1B9C2D9F002B5B49 /* UIScrollView+MJExtension.m in Sources */ = {isa = PBXBuildFile; fileRef = 34E08D161B9C2D9F002B5B49 /* UIScrollView+MJExtension.m */; };
		34E08D2C1B9C2D9F002B5B49 /* UIScrollView+MJRefresh.m in Sources */ = {isa = PBXBuildFile; fileRef = 34E08D181B9C2D9F002B5B49 /* UIScrollView+MJRefresh.m */; };
		34E08D2D1B9C2D9F002B5B49 /* UIView+MJExtension.m in Sources */ = {isa = PBXBuildFile; fileRef = 34E08D1A1B9C2D9F002B5B49 /* UIView+MJExtension.m */; };
		34E08D301B9C4965002B5B49 /* MoreView.m in Sources */ = {isa = PBXBuildFile; fileRef = 34E08D2F1B9C4965002B5B49 /* MoreView.m */; };
		34E3F0EE1B970A7A0065F50B /* RootViewController.m in Sources */ = {isa = PBXBuildFile; fileRef = 34E3F0ED1B970A7A0065F50B /* RootViewController.m */; };
		34E8F6121B9D3E2D00E76E69 /* ScrollModel.m in Sources */ = {isa = PBXBuildFile; fileRef = 34E8F6111B9D3E2D00E76E69 /* ScrollModel.m */; };
		34FAAB9A1BA6541C00B9FA6A /* HttpTool.m in Sources */ = {isa = PBXBuildFile; fileRef = 34FAAB991BA6541C00B9FA6A /* HttpTool.m */; };
		34FAABAF1BA6545000B9FA6A /* AFHTTPRequestOperation.m in Sources */ = {isa = PBXBuildFile; fileRef = 34FAAB9D1BA6545000B9FA6A /* AFHTTPRequestOperation.m */; };
		34FAABB01BA6545000B9FA6A /* AFHTTPRequestOperationManager.m in Sources */ = {isa = PBXBuildFile; fileRef = 34FAAB9F1BA6545000B9FA6A /* AFHTTPRequestOperationManager.m */; };
		34FAABB11BA6545000B9FA6A /* AFHTTPSessionManager.m in Sources */ = {isa = PBXBuildFile; fileRef = 34FAABA11BA6545000B9FA6A /* AFHTTPSessionManager.m */; };
		34FAABB21BA6545000B9FA6A /* AFNetworkReachabilityManager.m in Sources */ = {isa = PBXBuildFile; fileRef = 34FAABA41BA6545000B9FA6A /* AFNetworkReachabilityManager.m */; };
		34FAABB31BA6545000B9FA6A /* AFSecurityPolicy.m in Sources */ = {isa = PBXBuildFile; fileRef = 34FAABA61BA6545000B9FA6A /* AFSecurityPolicy.m */; };
		34FAABB41BA6545000B9FA6A /* AFURLConnectionOperation.m in Sources */ = {isa = PBXBuildFile; fileRef = 34FAABA81BA6545000B9FA6A /* AFURLConnectionOperation.m */; };
		34FAABB51BA6545000B9FA6A /* AFURLRequestSerialization.m in Sources */ = {isa = PBXBuildFile; fileRef = 34FAABAA1BA6545000B9FA6A /* AFURLRequestSerialization.m */; };
		34FAABB61BA6545000B9FA6A /* AFURLResponseSerialization.m in Sources */ = {isa = PBXBuildFile; fileRef = 34FAABAC1BA6545000B9FA6A /* AFURLResponseSerialization.m */; };
		34FAABB71BA6545000B9FA6A /* AFURLSessionManager.m in Sources */ = {isa = PBXBuildFile; fileRef = 34FAABAE1BA6545000B9FA6A /* AFURLSessionManager.m */; };
		4F29CE201B9AD6F200932D9D /* SearchViewController.m in Sources */ = {isa = PBXBuildFile; fileRef = 4F29CE1F1B9AD6F200932D9D /* SearchViewController.m */; };
		4F6E03A21B95D53300BE25CA /* MenuTableView.m in Sources */ = {isa = PBXBuildFile; fileRef = 4F6E03A11B95D53300BE25CA /* MenuTableView.m */; };
		4F6E03A51B95E7B500BE25CA /* MainViewController.m in Sources */ = {isa = PBXBuildFile; fileRef = 4F6E03A41B95E7B500BE25CA /* MainViewController.m */; };
/* End PBXBuildFile section */

/* Begin PBXContainerItemProxy section */
		3474BD9F1B95B24800F4E968 /* PBXContainerItemProxy */ = {
			isa = PBXContainerItemProxy;
			containerPortal = 3474BD7D1B95B24700F4E968 /* Project object */;
			proxyType = 1;
			remoteGlobalIDString = 3474BD841B95B24700F4E968;
			remoteInfo = "科技新闻";
		};
/* End PBXContainerItemProxy section */

/* Begin PBXFileReference section */
		340B093A1BB0F895007AD82C /* HeadScroolView.h */ = {isa = PBXFileReference; fileEncoding = 4; lastKnownFileType = sourcecode.c.h; path = HeadScroolView.h; sourceTree = "<group>"; };
		340B093B1BB0F895007AD82C /* HeadScroolView.m */ = {isa = PBXFileReference; fileEncoding = 4; lastKnownFileType = sourcecode.c.objc; path = HeadScroolView.m; sourceTree = "<group>"; };
		340C04931C4F79CB00042C2B /* MJNewsCell.xib */ = {isa = PBXFileReference; fileEncoding = 4; lastKnownFileType = file.xib; path = MJNewsCell.xib; sourceTree = "<group>"; };
		340C04941C4F79CB00042C2B /* MJNewsView.h */ = {isa = PBXFileReference; fileEncoding = 4; lastKnownFileType = sourcecode.c.h; path = MJNewsView.h; sourceTree = "<group>"; };
		340C04951C4F79CB00042C2B /* MJNewsView.m */ = {isa = PBXFileReference; fileEncoding = 4; lastKnownFileType = sourcecode.c.objc; path = MJNewsView.m; sourceTree = "<group>"; };
		340C04961C4F79CB00042C2B /* MJNewsView.xib */ = {isa = PBXFileReference; fileEncoding = 4; lastKnownFileType = file.xib; path = MJNewsView.xib; sourceTree = "<group>"; };
		340C04971C4F79CB00042C2B /* MJNewsCell.m */ = {isa = PBXFileReference; fileEncoding = 4; lastKnownFileType = sourcecode.c.objc; path = MJNewsCell.m; sourceTree = "<group>"; };
		340C04981C4F79CB00042C2B /* MJNewsCell.h */ = {isa = PBXFileReference; fileEncoding = 4; lastKnownFileType = sourcecode.c.h; path = MJNewsCell.h; sourceTree = "<group>"; };
		3474BD851B95B24700F4E968 /* 科技新闻.app */ = {isa = PBXFileReference; explicitFileType = wrapper.application; includeInIndex = 0; path = "科技新闻.app"; sourceTree = BUILT_PRODUCTS_DIR; };
		3474BD891B95B24700F4E968 /* Info.plist */ = {isa = PBXFileReference; lastKnownFileType = text.plist.xml; path = Info.plist; sourceTree = "<group>"; };
		3474BD8A1B95B24700F4E968 /* main.m */ = {isa = PBXFileReference; lastKnownFileType = sourcecode.c.objc; path = main.m; sourceTree = "<group>"; };
		3474BD8C1B95B24700F4E968 /* AppDelegate.h */ = {isa = PBXFileReference; lastKnownFileType = sourcecode.c.h; path = AppDelegate.h; sourceTree = "<group>"; };
		3474BD8D1B95B24700F4E968 /* AppDelegate.m */ = {isa = PBXFileReference; lastKnownFileType = sourcecode.c.objc; path = AppDelegate.m; sourceTree = "<group>"; };
		3474BD931B95B24700F4E968 /* Base */ = {isa = PBXFileReference; lastKnownFileType = file.storyboard; name = Base; path = Base.lproj/Main.storyboard; sourceTree = "<group>"; };
		3474BD951B95B24700F4E968 /* Images.xcassets */ = {isa = PBXFileReference; lastKnownFileType = folder.assetcatalog; path = Images.xcassets; sourceTree = "<group>"; };
		3474BD981B95B24700F4E968 /* Base */ = {isa = PBXFileReference; lastKnownFileType = file.xib; name = Base; path = Base.lproj/LaunchScreen.xib; sourceTree = "<group>"; };
		3474BD9E1B95B24800F4E968 /* 科技新闻Tests.xctest */ = {isa = PBXFileReference; explicitFileType = wrapper.cfbundle; includeInIndex = 0; path = "科技新闻Tests.xctest"; sourceTree = BUILT_PRODUCTS_DIR; };
		3474BDA31B95B24800F4E968 /* Info.plist */ = {isa = PBXFileReference; lastKnownFileType = text.plist.xml; path = Info.plist; sourceTree = "<group>"; };
		3474BDA41B95B24800F4E968 /* ____Tests.m */ = {isa = PBXFileReference; lastKnownFileType = sourcecode.c.objc; path = "____Tests.m"; sourceTree = "<group>"; };
		347E7E5B1C229939009ED12F /* MKAnnotationView+WebCache.h */ = {isa = PBXFileReference; fileEncoding = 4; lastKnownFileType = sourcecode.c.h; path = "MKAnnotationView+WebCache.h"; sourceTree = "<group>"; };
		347E7E5C1C229939009ED12F /* MKAnnotationView+WebCache.m */ = {isa = PBXFileReference; fileEncoding = 4; lastKnownFileType = sourcecode.c.objc; path = "MKAnnotationView+WebCache.m"; sourceTree = "<group>"; };
		347E7E5D1C229939009ED12F /* NSData+ImageContentType.h */ = {isa = PBXFileReference; fileEncoding = 4; lastKnownFileType = sourcecode.c.h; path = "NSData+ImageContentType.h"; sourceTree = "<group>"; };
		347E7E5E1C229939009ED12F /* NSData+ImageContentType.m */ = {isa = PBXFileReference; fileEncoding = 4; lastKnownFileType = sourcecode.c.objc; path = "NSData+ImageContentType.m"; sourceTree = "<group>"; };
		347E7E5F1C229939009ED12F /* SDImageCache.h */ = {isa = PBXFileReference; fileEncoding = 4; lastKnownFileType = sourcecode.c.h; path = SDImageCache.h; sourceTree = "<group>"; };
		347E7E601C229939009ED12F /* SDImageCache.m */ = {isa = PBXFileReference; fileEncoding = 4; lastKnownFileType = sourcecode.c.objc; path = SDImageCache.m; sourceTree = "<group>"; };
		347E7E611C229939009ED12F /* SDWebImageCompat.h */ = {isa = PBXFileReference; fileEncoding = 4; lastKnownFileType = sourcecode.c.h; path = SDWebImageCompat.h; sourceTree = "<group>"; };
		347E7E621C229939009ED12F /* SDWebImageCompat.m */ = {isa = PBXFileReference; fileEncoding = 4; lastKnownFileType = sourcecode.c.objc; path = SDWebImageCompat.m; sourceTree = "<group>"; };
		347E7E631C229939009ED12F /* SDWebImageDecoder.h */ = {isa = PBXFileReference; fileEncoding = 4; lastKnownFileType = sourcecode.c.h; path = SDWebImageDecoder.h; sourceTree = "<group>"; };
		347E7E641C229939009ED12F /* SDWebImageDecoder.m */ = {isa = PBXFileReference; fileEncoding = 4; lastKnownFileType = sourcecode.c.objc; path = SDWebImageDecoder.m; sourceTree = "<group>"; };
		347E7E651C229939009ED12F /* SDWebImageDownloader.h */ = {isa = PBXFileReference; fileEncoding = 4; lastKnownFileType = sourcecode.c.h; path = SDWebImageDownloader.h; sourceTree = "<group>"; };
		347E7E661C229939009ED12F /* SDWebImageDownloader.m */ = {isa = PBXFileReference; fileEncoding = 4; lastKnownFileType = sourcecode.c.objc; path = SDWebImageDownloader.m; sourceTree = "<group>"; };
		347E7E671C229939009ED12F /* SDWebImageDownloaderOperation.h */ = {isa = PBXFileReference; fileEncoding = 4; lastKnownFileType = sourcecode.c.h; path = SDWebImageDownloaderOperation.h; sourceTree = "<group>"; };
		347E7E681C229939009ED12F /* SDWebImageDownloaderOperation.m */ = {isa = PBXFileReference; fileEncoding = 4; lastKnownFileType = sourcecode.c.objc; path = SDWebImageDownloaderOperation.m; sourceTree = "<group>"; };
		347E7E691C229939009ED12F /* SDWebImageManager.h */ = {isa = PBXFileReference; fileEncoding = 4; lastKnownFileType = sourcecode.c.h; path = SDWebImageManager.h; sourceTree = "<group>"; };
		347E7E6A1C229939009ED12F /* SDWebImageManager.m */ = {isa = PBXFileReference; fileEncoding = 4; lastKnownFileType = sourcecode.c.objc; path = SDWebImageManager.m; sourceTree = "<group>"; };
		347E7E6B1C229939009ED12F /* SDWebImageOperation.h */ = {isa = PBXFileReference; fileEncoding = 4; lastKnownFileType = sourcecode.c.h; path = SDWebImageOperation.h; sourceTree = "<group>"; };
		347E7E6C1C229939009ED12F /* SDWebImagePrefetcher.h */ = {isa = PBXFileReference; fileEncoding = 4; lastKnownFileType = sourcecode.c.h; path = SDWebImagePrefetcher.h; sourceTree = "<group>"; };
		347E7E6D1C229939009ED12F /* SDWebImagePrefetcher.m */ = {isa = PBXFileReference; fileEncoding = 4; lastKnownFileType = sourcecode.c.objc; path = SDWebImagePrefetcher.m; sourceTree = "<group>"; };
		347E7E6E1C229939009ED12F /* UIButton+WebCache.h */ = {isa = PBXFileReference; fileEncoding = 4; lastKnownFileType = sourcecode.c.h; path = "UIButton+WebCache.h"; sourceTree = "<group>"; };
		347E7E6F1C229939009ED12F /* UIButton+WebCache.m */ = {isa = PBXFileReference; fileEncoding = 4; lastKnownFileType = sourcecode.c.objc; path = "UIButton+WebCache.m"; sourceTree = "<group>"; };
		347E7E701C229939009ED12F /* UIImage+GIF.h */ = {isa = PBXFileReference; fileEncoding = 4; lastKnownFileType = sourcecode.c.h; path = "UIImage+GIF.h"; sourceTree = "<group>"; };
		347E7E711C229939009ED12F /* UIImage+GIF.m */ = {isa = PBXFileReference; fileEncoding = 4; lastKnownFileType = sourcecode.c.objc; path = "UIImage+GIF.m"; sourceTree = "<group>"; };
		347E7E721C229939009ED12F /* UIImage+MultiFormat.h */ = {isa = PBXFileReference; fileEncoding = 4; lastKnownFileType = sourcecode.c.h; path = "UIImage+MultiFormat.h"; sourceTree = "<group>"; };
		347E7E731C229939009ED12F /* UIImage+MultiFormat.m */ = {isa = PBXFileReference; fileEncoding = 4; lastKnownFileType = sourcecode.c.objc; path = "UIImage+MultiFormat.m"; sourceTree = "<group>"; };
		347E7E741C229939009ED12F /* UIImage+WebP.h */ = {isa = PBXFileReference; fileEncoding = 4; lastKnownFileType = sourcecode.c.h; path = "UIImage+WebP.h"; sourceTree = "<group>"; };
		347E7E751C229939009ED12F /* UIImage+WebP.m */ = {isa = PBXFileReference; fileEncoding = 4; lastKnownFileType = sourcecode.c.objc; path = "UIImage+WebP.m"; sourceTree = "<group>"; };
		347E7E761C229939009ED12F /* UIImageView+HighlightedWebCache.h */ = {isa = PBXFileReference; fileEncoding = 4; lastKnownFileType = sourcecode.c.h; path = "UIImageView+HighlightedWebCache.h"; sourceTree = "<group>"; };
		347E7E771C229939009ED12F /* UIImageView+HighlightedWebCache.m */ = {isa = PBXFileReference; fileEncoding = 4; lastKnownFileType = sourcecode.c.objc; path = "UIImageView+HighlightedWebCache.m"; sourceTree = "<group>"; };
		347E7E781C229939009ED12F /* UIImageView+WebCache.h */ = {isa = PBXFileReference; fileEncoding = 4; lastKnownFileType = sourcecode.c.h; path = "UIImageView+WebCache.h"; sourceTree = "<group>"; };
		347E7E791C229939009ED12F /* UIImageView+WebCache.m */ = {isa = PBXFileReference; fileEncoding = 4; lastKnownFileType = sourcecode.c.objc; path = "UIImageView+WebCache.m"; sourceTree = "<group>"; };
		347E7E7A1C229939009ED12F /* UIView+WebCacheOperation.h */ = {isa = PBXFileReference; fileEncoding = 4; lastKnownFileType = sourcecode.c.h; path = "UIView+WebCacheOperation.h"; sourceTree = "<group>"; };
		347E7E7B1C229939009ED12F /* UIView+WebCacheOperation.m */ = {isa = PBXFileReference; fileEncoding = 4; lastKnownFileType = sourcecode.c.objc; path = "UIView+WebCacheOperation.m"; sourceTree = "<group>"; };
		34D5BD7B1C228BD0004ECD5C /* UIView+Extension.h */ = {isa = PBXFileReference; fileEncoding = 4; lastKnownFileType = sourcecode.c.h; path = "UIView+Extension.h"; sourceTree = "<group>"; };
		34D5BD7C1C228BD0004ECD5C /* UIView+Extension.m */ = {isa = PBXFileReference; fileEncoding = 4; lastKnownFileType = sourcecode.c.objc; path = "UIView+Extension.m"; sourceTree = "<group>"; };
		34E08C9F1B9BC997002B5B49 /* ListModel.h */ = {isa = PBXFileReference; fileEncoding = 4; lastKnownFileType = sourcecode.c.h; path = ListModel.h; sourceTree = "<group>"; };
		34E08CA01B9BC997002B5B49 /* ListModel.m */ = {isa = PBXFileReference; fileEncoding = 4; lastKnownFileType = sourcecode.c.objc; path = ListModel.m; sourceTree = "<group>"; };
		34E08CC31B9BDDC0002B5B49 /* NewsCell.h */ = {isa = PBXFileReference; fileEncoding = 4; lastKnownFileType = sourcecode.c.h; path = NewsCell.h; sourceTree = "<group>"; };
		34E08CC41B9BDDC0002B5B49 /* NewsCell.m */ = {isa = PBXFileReference; fileEncoding = 4; lastKnownFileType = sourcecode.c.objc; path = NewsCell.m; sourceTree = "<group>"; };
		34E08CC81B9BEC37002B5B49 /* NewsFrame.h */ = {isa = PBXFileReference; fileEncoding = 4; lastKnownFileType = sourcecode.c.h; path = NewsFrame.h; sourceTree = "<group>"; };
		34E08CC91B9BEC37002B5B49 /* NewsFrame.m */ = {isa = PBXFileReference; fileEncoding = 4; lastKnownFileType = sourcecode.c.objc; path = NewsFrame.m; sourceTree = "<group>"; };
		34E08CCC1B9C0749002B5B49 /* SaveController.h */ = {isa = PBXFileReference; fileEncoding = 4; lastKnownFileType = sourcecode.c.h; path = SaveController.h; sourceTree = "<group>"; };
		34E08CCD1B9C0749002B5B49 /* SaveController.m */ = {isa = PBXFileReference; fileEncoding = 4; lastKnownFileType = sourcecode.c.objc; path = SaveController.m; sourceTree = "<group>"; };
		34E08CD41B9C0FA7002B5B49 /* SettingVireController.h */ = {isa = PBXFileReference; fileEncoding = 4; lastKnownFileType = sourcecode.c.h; path = SettingVireController.h; sourceTree = "<group>"; };
		34E08CD51B9C0FA7002B5B49 /* SettingVireController.m */ = {isa = PBXFileReference; fileEncoding = 4; lastKnownFileType = sourcecode.c.objc; path = SettingVireController.m; sourceTree = "<group>"; };
		34E08CDA1B9C13E0002B5B49 /* WebViewController.h */ = {isa = PBXFileReference; fileEncoding = 4; lastKnownFileType = sourcecode.c.h; path = WebViewController.h; sourceTree = "<group>"; };
		34E08CDB1B9C13E0002B5B49 /* WebViewController.m */ = {isa = PBXFileReference; fileEncoding = 4; lastKnownFileType = sourcecode.c.objc; path = WebViewController.m; sourceTree = "<group>"; };
		34E08CF01B9C2D9F002B5B49 /* MJRefreshAutoFooter.h */ = {isa = PBXFileReference; fileEncoding = 4; lastKnownFileType = sourcecode.c.h; path = MJRefreshAutoFooter.h; sourceTree = "<group>"; };
		34E08CF11B9C2D9F002B5B49 /* MJRefreshAutoFooter.m */ = {isa = PBXFileReference; fileEncoding = 4; lastKnownFileType = sourcecode.c.objc; path = MJRefreshAutoFooter.m; sourceTree = "<group>"; };
		34E08CF21B9C2D9F002B5B49 /* MJRefreshBackFooter.h */ = {isa = PBXFileReference; fileEncoding = 4; lastKnownFileType = sourcecode.c.h; path = MJRefreshBackFooter.h; sourceTree = "<group>"; };
		34E08CF31B9C2D9F002B5B49 /* MJRefreshBackFooter.m */ = {isa = PBXFileReference; fileEncoding = 4; lastKnownFileType = sourcecode.c.objc; path = MJRefreshBackFooter.m; sourceTree = "<group>"; };
		34E08CF41B9C2D9F002B5B49 /* MJRefreshComponent.h */ = {isa = PBXFileReference; fileEncoding = 4; lastKnownFileType = sourcecode.c.h; path = MJRefreshComponent.h; sourceTree = "<group>"; };
		34E08CF51B9C2D9F002B5B49 /* MJRefreshComponent.m */ = {isa = PBXFileReference; fileEncoding = 4; lastKnownFileType = sourcecode.c.objc; path = MJRefreshComponent.m; sourceTree = "<group>"; };
		34E08CF61B9C2D9F002B5B49 /* MJRefreshFooter.h */ = {isa = PBXFileReference; fileEncoding = 4; lastKnownFileType = sourcecode.c.h; path = MJRefreshFooter.h; sourceTree = "<group>"; };
		34E08CF71B9C2D9F002B5B49 /* MJRefreshFooter.m */ = {isa = PBXFileReference; fileEncoding = 4; lastKnownFileType = sourcecode.c.objc; path = MJRefreshFooter.m; sourceTree = "<group>"; };
		34E08CF81B9C2D9F002B5B49 /* MJRefreshHeader.h */ = {isa = PBXFileReference; fileEncoding = 4; lastKnownFileType = sourcecode.c.h; path = MJRefreshHeader.h; sourceTree = "<group>"; };
		34E08CF91B9C2D9F002B5B49 /* MJRefreshHeader.m */ = {isa = PBXFileReference; fileEncoding = 4; lastKnownFileType = sourcecode.c.objc; path = MJRefreshHeader.m; sourceTree = "<group>"; };
		34E08CFD1B9C2D9F002B5B49 /* MJRefreshAutoGifFooter.h */ = {isa = PBXFileReference; fileEncoding = 4; lastKnownFileType = sourcecode.c.h; path = MJRefreshAutoGifFooter.h; sourceTree = "<group>"; };
		34E08CFE1B9C2D9F002B5B49 /* MJRefreshAutoGifFooter.m */ = {isa = PBXFileReference; fileEncoding = 4; lastKnownFileType = sourcecode.c.objc; path = MJRefreshAutoGifFooter.m; sourceTree = "<group>"; };
		34E08CFF1B9C2D9F002B5B49 /* MJRefreshAutoNormalFooter.h */ = {isa = PBXFileReference; fileEncoding = 4; lastKnownFileType = sourcecode.c.h; path = MJRefreshAutoNormalFooter.h; sourceTree = "<group>"; };
		34E08D001B9C2D9F002B5B49 /* MJRefreshAutoNormalFooter.m */ = {isa = PBXFileReference; fileEncoding = 4; lastKnownFileType = sourcecode.c.objc; path = MJRefreshAutoNormalFooter.m; sourceTree = "<group>"; };
		34E08D011B9C2D9F002B5B49 /* MJRefreshAutoStateFooter.h */ = {isa = PBXFileReference; fileEncoding = 4; lastKnownFileType = sourcecode.c.h; path = MJRefreshAutoStateFooter.h; sourceTree = "<group>"; };
		34E08D021B9C2D9F002B5B49 /* MJRefreshAutoStateFooter.m */ = {isa = PBXFileReference; fileEncoding = 4; lastKnownFileType = sourcecode.c.objc; path = MJRefreshAutoStateFooter.m; sourceTree = "<group>"; };
		34E08D041B9C2D9F002B5B49 /* MJRefreshBackGifFooter.h */ = {isa = PBXFileReference; fileEncoding = 4; lastKnownFileType = sourcecode.c.h; path = MJRefreshBackGifFooter.h; sourceTree = "<group>"; };
		34E08D051B9C2D9F002B5B49 /* MJRefreshBackGifFooter.m */ = {isa = PBXFileReference; fileEncoding = 4; lastKnownFileType = sourcecode.c.objc; path = MJRefreshBackGifFooter.m; sourceTree = "<group>"; };
		34E08D061B9C2D9F002B5B49 /* MJRefreshBackNormalFooter.h */ = {isa = PBXFileReference; fileEncoding = 4; lastKnownFileType = sourcecode.c.h; path = MJRefreshBackNormalFooter.h; sourceTree = "<group>"; };
		34E08D071B9C2D9F002B5B49 /* MJRefreshBackNormalFooter.m */ = {isa = PBXFileReference; fileEncoding = 4; lastKnownFileType = sourcecode.c.objc; path = MJRefreshBackNormalFooter.m; sourceTree = "<group>"; };
		34E08D081B9C2D9F002B5B49 /* MJRefreshBackStateFooter.h */ = {isa = PBXFileReference; fileEncoding = 4; lastKnownFileType = sourcecode.c.h; path = MJRefreshBackStateFooter.h; sourceTree = "<group>"; };
		34E08D091B9C2D9F002B5B49 /* MJRefreshBackStateFooter.m */ = {isa = PBXFileReference; fileEncoding = 4; lastKnownFileType = sourcecode.c.objc; path = MJRefreshBackStateFooter.m; sourceTree = "<group>"; };
		34E08D0B1B9C2D9F002B5B49 /* MJRefreshGifHeader.h */ = {isa = PBXFileReference; fileEncoding = 4; lastKnownFileType = sourcecode.c.h; path = MJRefreshGifHeader.h; sourceTree = "<group>"; };
		34E08D0C1B9C2D9F002B5B49 /* MJRefreshGifHeader.m */ = {isa = PBXFileReference; fileEncoding = 4; lastKnownFileType = sourcecode.c.objc; path = MJRefreshGifHeader.m; sourceTree = "<group>"; };
		34E08D0D1B9C2D9F002B5B49 /* MJRefreshNormalHeader.h */ = {isa = PBXFileReference; fileEncoding = 4; lastKnownFileType = sourcecode.c.h; path = MJRefreshNormalHeader.h; sourceTree = "<group>"; };
		34E08D0E1B9C2D9F002B5B49 /* MJRefreshNormalHeader.m */ = {isa = PBXFileReference; fileEncoding = 4; lastKnownFileType = sourcecode.c.objc; path = MJRefreshNormalHeader.m; sourceTree = "<group>"; };
		34E08D0F1B9C2D9F002B5B49 /* MJRefreshStateHeader.h */ = {isa = PBXFileReference; fileEncoding = 4; lastKnownFileType = sourcecode.c.h; path = MJRefreshStateHeader.h; sourceTree = "<group>"; };
		34E08D101B9C2D9F002B5B49 /* MJRefreshStateHeader.m */ = {isa = PBXFileReference; fileEncoding = 4; lastKnownFileType = sourcecode.c.objc; path = MJRefreshStateHeader.m; sourceTree = "<group>"; };
		34E08D111B9C2D9F002B5B49 /* MJRefresh.bundle */ = {isa = PBXFileReference; lastKnownFileType = "wrapper.plug-in"; path = MJRefresh.bundle; sourceTree = "<group>"; };
		34E08D121B9C2D9F002B5B49 /* MJRefresh.h */ = {isa = PBXFileReference; fileEncoding = 4; lastKnownFileType = sourcecode.c.h; path = MJRefresh.h; sourceTree = "<group>"; };
		34E08D131B9C2D9F002B5B49 /* MJRefreshConst.h */ = {isa = PBXFileReference; fileEncoding = 4; lastKnownFileType = sourcecode.c.h; path = MJRefreshConst.h; sourceTree = "<group>"; };
		34E08D141B9C2D9F002B5B49 /* MJRefreshConst.m */ = {isa = PBXFileReference; fileEncoding = 4; lastKnownFileType = sourcecode.c.objc; path = MJRefreshConst.m; sourceTree = "<group>"; };
		34E08D151B9C2D9F002B5B49 /* UIScrollView+MJExtension.h */ = {isa = PBXFileReference; fileEncoding = 4; lastKnownFileType = sourcecode.c.h; path = "UIScrollView+MJExtension.h"; sourceTree = "<group>"; };
		34E08D161B9C2D9F002B5B49 /* UIScrollView+MJExtension.m */ = {isa = PBXFileReference; fileEncoding = 4; lastKnownFileType = sourcecode.c.objc; path = "UIScrollView+MJExtension.m"; sourceTree = "<group>"; };
		34E08D171B9C2D9F002B5B49 /* UIScrollView+MJRefresh.h */ = {isa = PBXFileReference; fileEncoding = 4; lastKnownFileType = sourcecode.c.h; path = "UIScrollView+MJRefresh.h"; sourceTree = "<group>"; };
		34E08D181B9C2D9F002B5B49 /* UIScrollView+MJRefresh.m */ = {isa = PBXFileReference; fileEncoding = 4; lastKnownFileType = sourcecode.c.objc; path = "UIScrollView+MJRefresh.m"; sourceTree = "<group>"; };
		34E08D191B9C2D9F002B5B49 /* UIView+MJExtension.h */ = {isa = PBXFileReference; fileEncoding = 4; lastKnownFileType = sourcecode.c.h; path = "UIView+MJExtension.h"; sourceTree = "<group>"; };
		34E08D1A1B9C2D9F002B5B49 /* UIView+MJExtension.m */ = {isa = PBXFileReference; fileEncoding = 4; lastKnownFileType = sourcecode.c.objc; path = "UIView+MJExtension.m"; sourceTree = "<group>"; };
		34E08D2E1B9C4965002B5B49 /* MoreView.h */ = {isa = PBXFileReference; fileEncoding = 4; lastKnownFileType = sourcecode.c.h; path = MoreView.h; sourceTree = "<group>"; };
		34E08D2F1B9C4965002B5B49 /* MoreView.m */ = {isa = PBXFileReference; fileEncoding = 4; lastKnownFileType = sourcecode.c.objc; path = MoreView.m; sourceTree = "<group>"; };
		34E3F0EC1B970A7A0065F50B /* RootViewController.h */ = {isa = PBXFileReference; fileEncoding = 4; lastKnownFileType = sourcecode.c.h; path = RootViewController.h; sourceTree = "<group>"; };
		34E3F0ED1B970A7A0065F50B /* RootViewController.m */ = {isa = PBXFileReference; fileEncoding = 4; lastKnownFileType = sourcecode.c.objc; path = RootViewController.m; sourceTree = "<group>"; };
		34E8F6101B9D3E2D00E76E69 /* ScrollModel.h */ = {isa = PBXFileReference; fileEncoding = 4; lastKnownFileType = sourcecode.c.h; path = ScrollModel.h; sourceTree = "<group>"; };
		34E8F6111B9D3E2D00E76E69 /* ScrollModel.m */ = {isa = PBXFileReference; fileEncoding = 4; lastKnownFileType = sourcecode.c.objc; path = ScrollModel.m; sourceTree = "<group>"; };
		34FAAB981BA6541C00B9FA6A /* HttpTool.h */ = {isa = PBXFileReference; fileEncoding = 4; lastKnownFileType = sourcecode.c.h; path = HttpTool.h; sourceTree = "<group>"; };
		34FAAB991BA6541C00B9FA6A /* HttpTool.m */ = {isa = PBXFileReference; fileEncoding = 4; lastKnownFileType = sourcecode.c.objc; path = HttpTool.m; sourceTree = "<group>"; };
		34FAAB9C1BA6545000B9FA6A /* AFHTTPRequestOperation.h */ = {isa = PBXFileReference; fileEncoding = 4; lastKnownFileType = sourcecode.c.h; path = AFHTTPRequestOperation.h; sourceTree = "<group>"; };
		34FAAB9D1BA6545000B9FA6A /* AFHTTPRequestOperation.m */ = {isa = PBXFileReference; fileEncoding = 4; lastKnownFileType = sourcecode.c.objc; path = AFHTTPRequestOperation.m; sourceTree = "<group>"; };
		34FAAB9E1BA6545000B9FA6A /* AFHTTPRequestOperationManager.h */ = {isa = PBXFileReference; fileEncoding = 4; lastKnownFileType = sourcecode.c.h; path = AFHTTPRequestOperationManager.h; sourceTree = "<group>"; };
		34FAAB9F1BA6545000B9FA6A /* AFHTTPRequestOperationManager.m */ = {isa = PBXFileReference; fileEncoding = 4; lastKnownFileType = sourcecode.c.objc; path = AFHTTPRequestOperationManager.m; sourceTree = "<group>"; };
		34FAABA01BA6545000B9FA6A /* AFHTTPSessionManager.h */ = {isa = PBXFileReference; fileEncoding = 4; lastKnownFileType = sourcecode.c.h; path = AFHTTPSessionManager.h; sourceTree = "<group>"; };
		34FAABA11BA6545000B9FA6A /* AFHTTPSessionManager.m */ = {isa = PBXFileReference; fileEncoding = 4; lastKnownFileType = sourcecode.c.objc; path = AFHTTPSessionManager.m; sourceTree = "<group>"; };
		34FAABA21BA6545000B9FA6A /* AFNetworking.h */ = {isa = PBXFileReference; fileEncoding = 4; lastKnownFileType = sourcecode.c.h; path = AFNetworking.h; sourceTree = "<group>"; };
		34FAABA31BA6545000B9FA6A /* AFNetworkReachabilityManager.h */ = {isa = PBXFileReference; fileEncoding = 4; lastKnownFileType = sourcecode.c.h; path = AFNetworkReachabilityManager.h; sourceTree = "<group>"; };
		34FAABA41BA6545000B9FA6A /* AFNetworkReachabilityManager.m */ = {isa = PBXFileReference; fileEncoding = 4; lastKnownFileType = sourcecode.c.objc; path = AFNetworkReachabilityManager.m; sourceTree = "<group>"; };
		34FAABA51BA6545000B9FA6A /* AFSecurityPolicy.h */ = {isa = PBXFileReference; fileEncoding = 4; lastKnownFileType = sourcecode.c.h; path = AFSecurityPolicy.h; sourceTree = "<group>"; };
		34FAABA61BA6545000B9FA6A /* AFSecurityPolicy.m */ = {isa = PBXFileReference; fileEncoding = 4; lastKnownFileType = sourcecode.c.objc; path = AFSecurityPolicy.m; sourceTree = "<group>"; };
		34FAABA71BA6545000B9FA6A /* AFURLConnectionOperation.h */ = {isa = PBXFileReference; fileEncoding = 4; lastKnownFileType = sourcecode.c.h; path = AFURLConnectionOperation.h; sourceTree = "<group>"; };
		34FAABA81BA6545000B9FA6A /* AFURLConnectionOperation.m */ = {isa = PBXFileReference; fileEncoding = 4; lastKnownFileType = sourcecode.c.objc; path = AFURLConnectionOperation.m; sourceTree = "<group>"; };
		34FAABA91BA6545000B9FA6A /* AFURLRequestSerialization.h */ = {isa = PBXFileReference; fileEncoding = 4; lastKnownFileType = sourcecode.c.h; path = AFURLRequestSerialization.h; sourceTree = "<group>"; };
		34FAABAA1BA6545000B9FA6A /* AFURLRequestSerialization.m */ = {isa = PBXFileReference; fileEncoding = 4; lastKnownFileType = sourcecode.c.objc; path = AFURLRequestSerialization.m; sourceTree = "<group>"; };
		34FAABAB1BA6545000B9FA6A /* AFURLResponseSerialization.h */ = {isa = PBXFileReference; fileEncoding = 4; lastKnownFileType = sourcecode.c.h; path = AFURLResponseSerialization.h; sourceTree = "<group>"; };
		34FAABAC1BA6545000B9FA6A /* AFURLResponseSerialization.m */ = {isa = PBXFileReference; fileEncoding = 4; lastKnownFileType = sourcecode.c.objc; path = AFURLResponseSerialization.m; sourceTree = "<group>"; };
		34FAABAD1BA6545000B9FA6A /* AFURLSessionManager.h */ = {isa = PBXFileReference; fileEncoding = 4; lastKnownFileType = sourcecode.c.h; path = AFURLSessionManager.h; sourceTree = "<group>"; };
		34FAABAE1BA6545000B9FA6A /* AFURLSessionManager.m */ = {isa = PBXFileReference; fileEncoding = 4; lastKnownFileType = sourcecode.c.objc; path = AFURLSessionManager.m; sourceTree = "<group>"; };
		4F29CE1E1B9AD6F200932D9D /* SearchViewController.h */ = {isa = PBXFileReference; fileEncoding = 4; lastKnownFileType = sourcecode.c.h; path = SearchViewController.h; sourceTree = "<group>"; };
		4F29CE1F1B9AD6F200932D9D /* SearchViewController.m */ = {isa = PBXFileReference; fileEncoding = 4; lastKnownFileType = sourcecode.c.objc; path = SearchViewController.m; sourceTree = "<group>"; };
		4F6E03A01B95D53300BE25CA /* MenuTableView.h */ = {isa = PBXFileReference; fileEncoding = 4; lastKnownFileType = sourcecode.c.h; path = MenuTableView.h; sourceTree = "<group>"; };
		4F6E03A11B95D53300BE25CA /* MenuTableView.m */ = {isa = PBXFileReference; fileEncoding = 4; lastKnownFileType = sourcecode.c.objc; path = MenuTableView.m; sourceTree = "<group>"; };
		4F6E03A31B95E7B500BE25CA /* MainViewController.h */ = {isa = PBXFileReference; fileEncoding = 4; lastKnownFileType = sourcecode.c.h; path = MainViewController.h; sourceTree = "<group>"; };
		4F6E03A41B95E7B500BE25CA /* MainViewController.m */ = {isa = PBXFileReference; fileEncoding = 4; lastKnownFileType = sourcecode.c.objc; path = MainViewController.m; sourceTree = "<group>"; };
/* End PBXFileReference section */

/* Begin PBXFrameworksBuildPhase section */
		3474BD821B95B24700F4E968 /* Frameworks */ = {
			isa = PBXFrameworksBuildPhase;
			buildActionMask = 2147483647;
			files = (
			);
			runOnlyForDeploymentPostprocessing = 0;
		};
		3474BD9B1B95B24800F4E968 /* Frameworks */ = {
			isa = PBXFrameworksBuildPhase;
			buildActionMask = 2147483647;
			files = (
			);
			runOnlyForDeploymentPostprocessing = 0;
		};
/* End PBXFrameworksBuildPhase section */

/* Begin PBXGroup section */
		3474BD7C1B95B24700F4E968 = {
			isa = PBXGroup;
			children = (
				3474BD871B95B24700F4E968 /* 科技新闻 */,
				3474BDA11B95B24800F4E968 /* 科技新闻Tests */,
				3474BD861B95B24700F4E968 /* Products */,
			);
			sourceTree = "<group>";
		};
		3474BD861B95B24700F4E968 /* Products */ = {
			isa = PBXGroup;
			children = (
				3474BD851B95B24700F4E968 /* 科技新闻.app */,
				3474BD9E1B95B24800F4E968 /* 科技新闻Tests.xctest */,
			);
			name = Products;
			sourceTree = "<group>";
		};
		3474BD871B95B24700F4E968 /* 科技新闻 */ = {
			isa = PBXGroup;
			children = (
				3474BDBA1B95BA7000F4E968 /* Class */,
				3474BD881B95B24700F4E968 /* Supporting Files */,
			);
			path = "科技新闻";
			sourceTree = "<group>";
		};
		3474BD881B95B24700F4E968 /* Supporting Files */ = {
			isa = PBXGroup;
			children = (
				3474BD921B95B24700F4E968 /* Main.storyboard */,
				3474BD951B95B24700F4E968 /* Images.xcassets */,
				3474BD971B95B24700F4E968 /* LaunchScreen.xib */,
				3474BD891B95B24700F4E968 /* Info.plist */,
				3474BD8A1B95B24700F4E968 /* main.m */,
			);
			name = "Supporting Files";
			sourceTree = "<group>";
		};
		3474BDA11B95B24800F4E968 /* 科技新闻Tests */ = {
			isa = PBXGroup;
			children = (
				3474BDA41B95B24800F4E968 /* ____Tests.m */,
				3474BDA21B95B24800F4E968 /* Supporting Files */,
			);
			path = "科技新闻Tests";
			sourceTree = "<group>";
		};
		3474BDA21B95B24800F4E968 /* Supporting Files */ = {
			isa = PBXGroup;
			children = (
				3474BDA31B95B24800F4E968 /* Info.plist */,
			);
			name = "Supporting Files";
			sourceTree = "<group>";
		};
		3474BDBA1B95BA7000F4E968 /* Class */ = {
			isa = PBXGroup;
			children = (
				34FAAB971BA653C600B9FA6A /* Http */,
				34E08CE71B9C1DF5002B5B49 /* ScrollView */,
				34E08CD01B9C0F5F002B5B49 /* Setting（设置） */,
				34E08CCF1B9C07DB002B5B49 /* Download（离线下越） */,
				34E08CCB1B9C0724002B5B49 /* Save（收藏） */,
				34E08CA21B9BD135002B5B49 /* Lib */,
				4F29CE1D1B9AD5E400932D9D /* Search（搜索） */,
				4FB0C6691B994BF800486872 /* Root */,
				3474BDC41B95BAFE00F4E968 /* Other */,
				3474BDBD1B95BA9E00F4E968 /* More(更多) */,
				3474BDBC1B95BA8A00F4E968 /* Menu(菜单) */,
				3474BDBB1B95BA7800F4E968 /* News */,
			);
			name = Class;
			sourceTree = "<group>";
		};
		3474BDBB1B95BA7800F4E968 /* News */ = {
			isa = PBXGroup;
			children = (
				3474BDC01B95BAB800F4E968 /* Model */,
				3474BDBF1B95BAB200F4E968 /* View */,
				3474BDBE1B95BAAB00F4E968 /* Controller */,
			);
			name = News;
			sourceTree = "<group>";
		};
		3474BDBC1B95BA8A00F4E968 /* Menu(菜单) */ = {
			isa = PBXGroup;
			children = (
				3474BDC31B95BADB00F4E968 /* Model */,
				3474BDC21B95BAD100F4E968 /* View */,
				3474BDC11B95BAC300F4E968 /* Controller */,
			);
			name = "Menu(菜单)";
			sourceTree = "<group>";
		};
		3474BDBD1B95BA9E00F4E968 /* More(更多) */ = {
			isa = PBXGroup;
			children = (
				34E08D2E1B9C4965002B5B49 /* MoreView.h */,
				34E08D2F1B9C4965002B5B49 /* MoreView.m */,
			);
			name = "More(更多)";
			sourceTree = "<group>";
		};
		3474BDBE1B95BAAB00F4E968 /* Controller */ = {
			isa = PBXGroup;
			children = (
				4F6E03A31B95E7B500BE25CA /* MainViewController.h */,
				4F6E03A41B95E7B500BE25CA /* MainViewController.m */,
			);
			name = Controller;
			sourceTree = "<group>";
		};
		3474BDBF1B95BAB200F4E968 /* View */ = {
			isa = PBXGroup;
			children = (
				340C04931C4F79CB00042C2B /* MJNewsCell.xib */,
				340C04941C4F79CB00042C2B /* MJNewsView.h */,
				340C04951C4F79CB00042C2B /* MJNewsView.m */,
				340C04961C4F79CB00042C2B /* MJNewsView.xib */,
				340C04971C4F79CB00042C2B /* MJNewsCell.m */,
				340C04981C4F79CB00042C2B /* MJNewsCell.h */,
				34E08CC31B9BDDC0002B5B49 /* NewsCell.h */,
				34E08CC41B9BDDC0002B5B49 /* NewsCell.m */,
				34E08CDA1B9C13E0002B5B49 /* WebViewController.h */,
				34E08CDB1B9C13E0002B5B49 /* WebViewController.m */,
			);
			name = View;
			sourceTree = "<group>";
		};
		3474BDC01B95BAB800F4E968 /* Model */ = {
			isa = PBXGroup;
			children = (
				34E8F6101B9D3E2D00E76E69 /* ScrollModel.h */,
				34E8F6111B9D3E2D00E76E69 /* ScrollModel.m */,
				34E08C9F1B9BC997002B5B49 /* ListModel.h */,
				34E08CA01B9BC997002B5B49 /* ListModel.m */,
				34E08CC81B9BEC37002B5B49 /* NewsFrame.h */,
				34E08CC91B9BEC37002B5B49 /* NewsFrame.m */,
			);
			name = Model;
			sourceTree = "<group>";
		};
		3474BDC11B95BAC300F4E968 /* Controller */ = {
			isa = PBXGroup;
			children = (
				4F6E03A01B95D53300BE25CA /* MenuTableView.h */,
				4F6E03A11B95D53300BE25CA /* MenuTableView.m */,
			);
			name = Controller;
			sourceTree = "<group>";
		};
		3474BDC21B95BAD100F4E968 /* View */ = {
			isa = PBXGroup;
			children = (
			);
			name = View;
			sourceTree = "<group>";
		};
		3474BDC31B95BADB00F4E968 /* Model */ = {
			isa = PBXGroup;
			children = (
			);
			name = Model;
			sourceTree = "<group>";
		};
		3474BDC41B95BAFE00F4E968 /* Other */ = {
			isa = PBXGroup;
			children = (
				34D5BD7B1C228BD0004ECD5C /* UIView+Extension.h */,
				34D5BD7C1C228BD0004ECD5C /* UIView+Extension.m */,
				3474BD8C1B95B24700F4E968 /* AppDelegate.h */,
				3474BD8D1B95B24700F4E968 /* AppDelegate.m */,
			);
			name = Other;
			sourceTree = "<group>";
		};
		347E7E5A1C229939009ED12F /* SDWebImage */ = {
			isa = PBXGroup;
			children = (
				347E7E5B1C229939009ED12F /* MKAnnotationView+WebCache.h */,
				347E7E5C1C229939009ED12F /* MKAnnotationView+WebCache.m */,
				347E7E5D1C229939009ED12F /* NSData+ImageContentType.h */,
				347E7E5E1C229939009ED12F /* NSData+ImageContentType.m */,
				347E7E5F1C229939009ED12F /* SDImageCache.h */,
				347E7E601C229939009ED12F /* SDImageCache.m */,
				347E7E611C229939009ED12F /* SDWebImageCompat.h */,
				347E7E621C229939009ED12F /* SDWebImageCompat.m */,
				347E7E631C229939009ED12F /* SDWebImageDecoder.h */,
				347E7E641C229939009ED12F /* SDWebImageDecoder.m */,
				347E7E651C229939009ED12F /* SDWebImageDownloader.h */,
				347E7E661C229939009ED12F /* SDWebImageDownloader.m */,
				347E7E671C229939009ED12F /* SDWebImageDownloaderOperation.h */,
				347E7E681C229939009ED12F /* SDWebImageDownloaderOperation.m */,
				347E7E691C229939009ED12F /* SDWebImageManager.h */,
				347E7E6A1C229939009ED12F /* SDWebImageManager.m */,
				347E7E6B1C229939009ED12F /* SDWebImageOperation.h */,
				347E7E6C1C229939009ED12F /* SDWebImagePrefetcher.h */,
				347E7E6D1C229939009ED12F /* SDWebImagePrefetcher.m */,
				347E7E6E1C229939009ED12F /* UIButton+WebCache.h */,
				347E7E6F1C229939009ED12F /* UIButton+WebCache.m */,
				347E7E701C229939009ED12F /* UIImage+GIF.h */,
				347E7E711C229939009ED12F /* UIImage+GIF.m */,
				347E7E721C229939009ED12F /* UIImage+MultiFormat.h */,
				347E7E731C229939009ED12F /* UIImage+MultiFormat.m */,
				347E7E741C229939009ED12F /* UIImage+WebP.h */,
				347E7E751C229939009ED12F /* UIImage+WebP.m */,
				347E7E761C229939009ED12F /* UIImageView+HighlightedWebCache.h */,
				347E7E771C229939009ED12F /* UIImageView+HighlightedWebCache.m */,
				347E7E781C229939009ED12F /* UIImageView+WebCache.h */,
				347E7E791C229939009ED12F /* UIImageView+WebCache.m */,
				347E7E7A1C229939009ED12F /* UIView+WebCacheOperation.h */,
				347E7E7B1C229939009ED12F /* UIView+WebCacheOperation.m */,
			);
			path = SDWebImage;
			sourceTree = "<group>";
		};
		34E08CA21B9BD135002B5B49 /* Lib */ = {
			isa = PBXGroup;
			children = (
				347E7E5A1C229939009ED12F /* SDWebImage */,
				34E08CEE1B9C2D9F002B5B49 /* MJRefresh */,
			);
			name = Lib;
			sourceTree = "<group>";
		};
		34E08CCB1B9C0724002B5B49 /* Save（收藏） */ = {
			isa = PBXGroup;
			children = (
				34E08CCC1B9C0749002B5B49 /* SaveController.h */,
				34E08CCD1B9C0749002B5B49 /* SaveController.m */,
			);
			name = "Save（收藏）";
			sourceTree = "<group>";
		};
		34E08CCF1B9C07DB002B5B49 /* Download（离线下越） */ = {
			isa = PBXGroup;
			children = (
			);
			name = "Download（离线下越）";
			sourceTree = "<group>";
		};
		34E08CD01B9C0F5F002B5B49 /* Setting（设置） */ = {
			isa = PBXGroup;
			children = (
				34E08CD31B9C0F83002B5B49 /* Model */,
				34E08CD21B9C0F7B002B5B49 /* View */,
				34E08CD11B9C0F69002B5B49 /* Controller */,
			);
			name = "Setting（设置）";
			sourceTree = "<group>";
		};
		34E08CD11B9C0F69002B5B49 /* Controller */ = {
			isa = PBXGroup;
			children = (
				34E08CD41B9C0FA7002B5B49 /* SettingVireController.h */,
				34E08CD51B9C0FA7002B5B49 /* SettingVireController.m */,
			);
			name = Controller;
			sourceTree = "<group>";
		};
		34E08CD21B9C0F7B002B5B49 /* View */ = {
			isa = PBXGroup;
			children = (
			);
			name = View;
			sourceTree = "<group>";
		};
		34E08CD31B9C0F83002B5B49 /* Model */ = {
			isa = PBXGroup;
			children = (
			);
			name = Model;
			sourceTree = "<group>";
		};
		34E08CDD1B9C19A6002B5B49 /* Controller */ = {
			isa = PBXGroup;
			children = (
				34E3F0EC1B970A7A0065F50B /* RootViewController.h */,
				34E3F0ED1B970A7A0065F50B /* RootViewController.m */,
			);
			name = Controller;
			sourceTree = "<group>";
		};
		34E08CE71B9C1DF5002B5B49 /* ScrollView */ = {
			isa = PBXGroup;
			children = (
				34E08CEA1B9C1E19002B5B49 /* View */,
				34E08CE91B9C1E11002B5B49 /* Model */,
				34E08CE81B9C1E07002B5B49 /* Controller */,
			);
			name = ScrollView;
			sourceTree = "<group>";
		};
		34E08CE81B9C1E07002B5B49 /* Controller */ = {
			isa = PBXGroup;
			children = (
				340B093A1BB0F895007AD82C /* HeadScroolView.h */,
				340B093B1BB0F895007AD82C /* HeadScroolView.m */,
			);
			name = Controller;
			sourceTree = "<group>";
		};
		34E08CE91B9C1E11002B5B49 /* Model */ = {
			isa = PBXGroup;
			children = (
			);
			name = Model;
			sourceTree = "<group>";
		};
		34E08CEA1B9C1E19002B5B49 /* View */ = {
			isa = PBXGroup;
			children = (
			);
			name = View;
			sourceTree = "<group>";
		};
		34E08CEE1B9C2D9F002B5B49 /* MJRefresh */ = {
			isa = PBXGroup;
			children = (
				34E08CEF1B9C2D9F002B5B49 /* Base */,
				34E08CFA1B9C2D9F002B5B49 /* Custom */,
				34E08D111B9C2D9F002B5B49 /* MJRefresh.bundle */,
				34E08D121B9C2D9F002B5B49 /* MJRefresh.h */,
				34E08D131B9C2D9F002B5B49 /* MJRefreshConst.h */,
				34E08D141B9C2D9F002B5B49 /* MJRefreshConst.m */,
				34E08D151B9C2D9F002B5B49 /* UIScrollView+MJExtension.h */,
				34E08D161B9C2D9F002B5B49 /* UIScrollView+MJExtension.m */,
				34E08D171B9C2D9F002B5B49 /* UIScrollView+MJRefresh.h */,
				34E08D181B9C2D9F002B5B49 /* UIScrollView+MJRefresh.m */,
				34E08D191B9C2D9F002B5B49 /* UIView+MJExtension.h */,
				34E08D1A1B9C2D9F002B5B49 /* UIView+MJExtension.m */,
			);
			path = MJRefresh;
			sourceTree = "<group>";
		};
		34E08CEF1B9C2D9F002B5B49 /* Base */ = {
			isa = PBXGroup;
			children = (
				34E08CF01B9C2D9F002B5B49 /* MJRefreshAutoFooter.h */,
				34E08CF11B9C2D9F002B5B49 /* MJRefreshAutoFooter.m */,
				34E08CF21B9C2D9F002B5B49 /* MJRefreshBackFooter.h */,
				34E08CF31B9C2D9F002B5B49 /* MJRefreshBackFooter.m */,
				34E08CF41B9C2D9F002B5B49 /* MJRefreshComponent.h */,
				34E08CF51B9C2D9F002B5B49 /* MJRefreshComponent.m */,
				34E08CF61B9C2D9F002B5B49 /* MJRefreshFooter.h */,
				34E08CF71B9C2D9F002B5B49 /* MJRefreshFooter.m */,
				34E08CF81B9C2D9F002B5B49 /* MJRefreshHeader.h */,
				34E08CF91B9C2D9F002B5B49 /* MJRefreshHeader.m */,
			);
			path = Base;
			sourceTree = "<group>";
		};
		34E08CFA1B9C2D9F002B5B49 /* Custom */ = {
			isa = PBXGroup;
			children = (
				34E08CFB1B9C2D9F002B5B49 /* Footer */,
				34E08D0A1B9C2D9F002B5B49 /* Header */,
			);
			path = Custom;
			sourceTree = "<group>";
		};
		34E08CFB1B9C2D9F002B5B49 /* Footer */ = {
			isa = PBXGroup;
			children = (
				34E08CFC1B9C2D9F002B5B49 /* Auto */,
				34E08D031B9C2D9F002B5B49 /* Back */,
			);
			path = Footer;
			sourceTree = "<group>";
		};
		34E08CFC1B9C2D9F002B5B49 /* Auto */ = {
			isa = PBXGroup;
			children = (
				34E08CFD1B9C2D9F002B5B49 /* MJRefreshAutoGifFooter.h */,
				34E08CFE1B9C2D9F002B5B49 /* MJRefreshAutoGifFooter.m */,
				34E08CFF1B9C2D9F002B5B49 /* MJRefreshAutoNormalFooter.h */,
				34E08D001B9C2D9F002B5B49 /* MJRefreshAutoNormalFooter.m */,
				34E08D011B9C2D9F002B5B49 /* MJRefreshAutoStateFooter.h */,
				34E08D021B9C2D9F002B5B49 /* MJRefreshAutoStateFooter.m */,
			);
			path = Auto;
			sourceTree = "<group>";
		};
		34E08D031B9C2D9F002B5B49 /* Back */ = {
			isa = PBXGroup;
			children = (
				34E08D041B9C2D9F002B5B49 /* MJRefreshBackGifFooter.h */,
				34E08D051B9C2D9F002B5B49 /* MJRefreshBackGifFooter.m */,
				34E08D061B9C2D9F002B5B49 /* MJRefreshBackNormalFooter.h */,
				34E08D071B9C2D9F002B5B49 /* MJRefreshBackNormalFooter.m */,
				34E08D081B9C2D9F002B5B49 /* MJRefreshBackStateFooter.h */,
				34E08D091B9C2D9F002B5B49 /* MJRefreshBackStateFooter.m */,
			);
			path = Back;
			sourceTree = "<group>";
		};
		34E08D0A1B9C2D9F002B5B49 /* Header */ = {
			isa = PBXGroup;
			children = (
				34E08D0B1B9C2D9F002B5B49 /* MJRefreshGifHeader.h */,
				34E08D0C1B9C2D9F002B5B49 /* MJRefreshGifHeader.m */,
				34E08D0D1B9C2D9F002B5B49 /* MJRefreshNormalHeader.h */,
				34E08D0E1B9C2D9F002B5B49 /* MJRefreshNormalHeader.m */,
				34E08D0F1B9C2D9F002B5B49 /* MJRefreshStateHeader.h */,
				34E08D101B9C2D9F002B5B49 /* MJRefreshStateHeader.m */,
			);
			path = Header;
			sourceTree = "<group>";
		};
		34FAAB971BA653C600B9FA6A /* Http */ = {
			isa = PBXGroup;
			children = (
				34FAAB9B1BA6545000B9FA6A /* AFNetworking */,
				34FAAB981BA6541C00B9FA6A /* HttpTool.h */,
				34FAAB991BA6541C00B9FA6A /* HttpTool.m */,
			);
			name = Http;
			sourceTree = "<group>";
		};
		34FAAB9B1BA6545000B9FA6A /* AFNetworking */ = {
			isa = PBXGroup;
			children = (
				34FAAB9C1BA6545000B9FA6A /* AFHTTPRequestOperation.h */,
				34FAAB9D1BA6545000B9FA6A /* AFHTTPRequestOperation.m */,
				34FAAB9E1BA6545000B9FA6A /* AFHTTPRequestOperationManager.h */,
				34FAAB9F1BA6545000B9FA6A /* AFHTTPRequestOperationManager.m */,
				34FAABA01BA6545000B9FA6A /* AFHTTPSessionManager.h */,
				34FAABA11BA6545000B9FA6A /* AFHTTPSessionManager.m */,
				34FAABA21BA6545000B9FA6A /* AFNetworking.h */,
				34FAABA31BA6545000B9FA6A /* AFNetworkReachabilityManager.h */,
				34FAABA41BA6545000B9FA6A /* AFNetworkReachabilityManager.m */,
				34FAABA51BA6545000B9FA6A /* AFSecurityPolicy.h */,
				34FAABA61BA6545000B9FA6A /* AFSecurityPolicy.m */,
				34FAABA71BA6545000B9FA6A /* AFURLConnectionOperation.h */,
				34FAABA81BA6545000B9FA6A /* AFURLConnectionOperation.m */,
				34FAABA91BA6545000B9FA6A /* AFURLRequestSerialization.h */,
				34FAABAA1BA6545000B9FA6A /* AFURLRequestSerialization.m */,
				34FAABAB1BA6545000B9FA6A /* AFURLResponseSerialization.h */,
				34FAABAC1BA6545000B9FA6A /* AFURLResponseSerialization.m */,
				34FAABAD1BA6545000B9FA6A /* AFURLSessionManager.h */,
				34FAABAE1BA6545000B9FA6A /* AFURLSessionManager.m */,
			);
			path = AFNetworking;
			sourceTree = "<group>";
		};
		4F29CE1D1B9AD5E400932D9D /* Search（搜索） */ = {
			isa = PBXGroup;
			children = (
				4F29CE1E1B9AD6F200932D9D /* SearchViewController.h */,
				4F29CE1F1B9AD6F200932D9D /* SearchViewController.m */,
			);
			name = "Search（搜索）";
			sourceTree = "<group>";
		};
		4FB0C6691B994BF800486872 /* Root */ = {
			isa = PBXGroup;
			children = (
				34E08CDD1B9C19A6002B5B49 /* Controller */,
			);
			name = Root;
			sourceTree = "<group>";
		};
/* End PBXGroup section */

/* Begin PBXNativeTarget section */
		3474BD841B95B24700F4E968 /* 科技新闻 */ = {
			isa = PBXNativeTarget;
			buildConfigurationList = 3474BDA81B95B24800F4E968 /* Build configuration list for PBXNativeTarget "科技新闻" */;
			buildPhases = (
				3474BD811B95B24700F4E968 /* Sources */,
				3474BD821B95B24700F4E968 /* Frameworks */,
				3474BD831B95B24700F4E968 /* Resources */,
			);
			buildRules = (
			);
			dependencies = (
			);
			name = "科技新闻";
			productName = "科技新闻";
			productReference = 3474BD851B95B24700F4E968 /* 科技新闻.app */;
			productType = "com.apple.product-type.application";
		};
		3474BD9D1B95B24800F4E968 /* 科技新闻Tests */ = {
			isa = PBXNativeTarget;
			buildConfigurationList = 3474BDAB1B95B24800F4E968 /* Build configuration list for PBXNativeTarget "科技新闻Tests" */;
			buildPhases = (
				3474BD9A1B95B24800F4E968 /* Sources */,
				3474BD9B1B95B24800F4E968 /* Frameworks */,
				3474BD9C1B95B24800F4E968 /* Resources */,
			);
			buildRules = (
			);
			dependencies = (
				3474BDA01B95B24800F4E968 /* PBXTargetDependency */,
			);
			name = "科技新闻Tests";
			productName = "科技新闻Tests";
			productReference = 3474BD9E1B95B24800F4E968 /* 科技新闻Tests.xctest */;
			productType = "com.apple.product-type.bundle.unit-test";
		};
/* End PBXNativeTarget section */

/* Begin PBXProject section */
		3474BD7D1B95B24700F4E968 /* Project object */ = {
			isa = PBXProject;
			attributes = {
				LastUpgradeCheck = 0630;
				ORGANIZATIONNAME = llairen;
				TargetAttributes = {
					3474BD841B95B24700F4E968 = {
						CreatedOnToolsVersion = 6.3;
						DevelopmentTeam = BJLELTW3Z4;
					};
					3474BD9D1B95B24800F4E968 = {
						CreatedOnToolsVersion = 6.3;
						TestTargetID = 3474BD841B95B24700F4E968;
					};
				};
			};
			buildConfigurationList = 3474BD801B95B24700F4E968 /* Build configuration list for PBXProject "科技新闻" */;
			compatibilityVersion = "Xcode 3.2";
			developmentRegion = English;
			hasScannedForEncodings = 0;
			knownRegions = (
				en,
				Base,
			);
			mainGroup = 3474BD7C1B95B24700F4E968;
			productRefGroup = 3474BD861B95B24700F4E968 /* Products */;
			projectDirPath = "";
			projectRoot = "";
			targets = (
				3474BD841B95B24700F4E968 /* 科技新闻 */,
				3474BD9D1B95B24800F4E968 /* 科技新闻Tests */,
			);
		};
/* End PBXProject section */

/* Begin PBXResourcesBuildPhase section */
		3474BD831B95B24700F4E968 /* Resources */ = {
			isa = PBXResourcesBuildPhase;
			buildActionMask = 2147483647;
			files = (
				3474BD941B95B24700F4E968 /* Main.storyboard in Resources */,
				3474BD991B95B24700F4E968 /* LaunchScreen.xib in Resources */,
				340C049B1C4F79CB00042C2B /* MJNewsView.xib in Resources */,
				340C04991C4F79CB00042C2B /* MJNewsCell.xib in Resources */,
				34E08D291B9C2D9F002B5B49 /* MJRefresh.bundle in Resources */,
				3474BD961B95B24700F4E968 /* Images.xcassets in Resources */,
			);
			runOnlyForDeploymentPostprocessing = 0;
		};
		3474BD9C1B95B24800F4E968 /* Resources */ = {
			isa = PBXResourcesBuildPhase;
			buildActionMask = 2147483647;
			files = (
			);
			runOnlyForDeploymentPostprocessing = 0;
		};
/* End PBXResourcesBuildPhase section */

/* Begin PBXSourcesBuildPhase section */
		3474BD811B95B24700F4E968 /* Sources */ = {
			isa = PBXSourcesBuildPhase;
			buildActionMask = 2147483647;
			files = (
				34FAABAF1BA6545000B9FA6A /* AFHTTPRequestOperation.m in Sources */,
				34FAABB21BA6545000B9FA6A /* AFNetworkReachabilityManager.m in Sources */,
				347E7E8A1C229939009ED12F /* UIImageView+WebCache.m in Sources */,
				347E7E821C229939009ED12F /* SDWebImageDownloaderOperation.m in Sources */,
				34FAABB11BA6545000B9FA6A /* AFHTTPSessionManager.m in Sources */,
				34E08D271B9C2D9F002B5B49 /* MJRefreshNormalHeader.m in Sources */,
				347E7E881C229939009ED12F /* UIImage+WebP.m in Sources */,
				34E08D1D1B9C2D9F002B5B49 /* MJRefreshComponent.m in Sources */,
				347E7E7F1C229939009ED12F /* SDWebImageCompat.m in Sources */,
				4F6E03A21B95D53300BE25CA /* MenuTableView.m in Sources */,
				34E08D2C1B9C2D9F002B5B49 /* UIScrollView+MJRefresh.m in Sources */,
				347E7E841C229939009ED12F /* SDWebImagePrefetcher.m in Sources */,
				347E7E7E1C229939009ED12F /* SDImageCache.m in Sources */,
				4F6E03A51B95E7B500BE25CA /* MainViewController.m in Sources */,
				34E08CD61B9C0FA7002B5B49 /* SettingVireController.m in Sources */,
				34FAABB61BA6545000B9FA6A /* AFURLResponseSerialization.m in Sources */,
				347E7E801C229939009ED12F /* SDWebImageDecoder.m in Sources */,
				34E08D2D1B9C2D9F002B5B49 /* UIView+MJExtension.m in Sources */,
				347E7E891C229939009ED12F /* UIImageView+HighlightedWebCache.m in Sources */,
				34E08D211B9C2D9F002B5B49 /* MJRefreshAutoNormalFooter.m in Sources */,
				34E08D1E1B9C2D9F002B5B49 /* MJRefreshFooter.m in Sources */,
				340C049C1C4F79CB00042C2B /* MJNewsCell.m in Sources */,
				34E08CCE1B9C0749002B5B49 /* SaveController.m in Sources */,
				34E08D281B9C2D9F002B5B49 /* MJRefreshStateHeader.m in Sources */,
				340B093C1BB0F895007AD82C /* HeadScroolView.m in Sources */,
				347E7E871C229939009ED12F /* UIImage+MultiFormat.m in Sources */,
				347E7E7C1C229939009ED12F /* MKAnnotationView+WebCache.m in Sources */,
				34E08D201B9C2D9F002B5B49 /* MJRefreshAutoGifFooter.m in Sources */,
				34E08CC61B9BDDC0002B5B49 /* NewsCell.m in Sources */,
				34E8F6121B9D3E2D00E76E69 /* ScrollModel.m in Sources */,
				347E7E861C229939009ED12F /* UIImage+GIF.m in Sources */,
				34E08D1C1B9C2D9F002B5B49 /* MJRefreshBackFooter.m in Sources */,
				34E08D251B9C2D9F002B5B49 /* MJRefreshBackStateFooter.m in Sources */,
				347E7E8B1C229939009ED12F /* UIView+WebCacheOperation.m in Sources */,
				34FAABB41BA6545000B9FA6A /* AFURLConnectionOperation.m in Sources */,
				347E7E831C229939009ED12F /* SDWebImageManager.m in Sources */,
				34E08D261B9C2D9F002B5B49 /* MJRefreshGifHeader.m in Sources */,
				34E3F0EE1B970A7A0065F50B /* RootViewController.m in Sources */,
				34E08CDC1B9C13E0002B5B49 /* WebViewController.m in Sources */,
				34E08D301B9C4965002B5B49 /* MoreView.m in Sources */,
				34E08CCA1B9BEC37002B5B49 /* NewsFrame.m in Sources */,
				3474BD8E1B95B24700F4E968 /* AppDelegate.m in Sources */,
				34E08D1B1B9C2D9F002B5B49 /* MJRefreshAutoFooter.m in Sources */,
				34E08D2A1B9C2D9F002B5B49 /* MJRefreshConst.m in Sources */,
				34E08D231B9C2D9F002B5B49 /* MJRefreshBackGifFooter.m in Sources */,
				3474BD8B1B95B24700F4E968 /* main.m in Sources */,
				34E08D1F1B9C2D9F002B5B49 /* MJRefreshHeader.m in Sources */,
				34E08D2B1B9C2D9F002B5B49 /* UIScrollView+MJExtension.m in Sources */,
				34FAABB51BA6545000B9FA6A /* AFURLRequestSerialization.m in Sources */,
				34E08D221B9C2D9F002B5B49 /* MJRefreshAutoStateFooter.m in Sources */,
				347E7E7D1C229939009ED12F /* NSData+ImageContentType.m in Sources */,
				34FAABB01BA6545000B9FA6A /* AFHTTPRequestOperationManager.m in Sources */,
				340C049A1C4F79CB00042C2B /* MJNewsView.m in Sources */,
				34FAABB71BA6545000B9FA6A /* AFURLSessionManager.m in Sources */,
				347E7E851C229939009ED12F /* UIButton+WebCache.m in Sources */,
				34E08CA11B9BC997002B5B49 /* ListModel.m in Sources */,
				34FAABB31BA6545000B9FA6A /* AFSecurityPolicy.m in Sources */,
				347E7E811C229939009ED12F /* SDWebImageDownloader.m in Sources */,
				34D5BD7D1C228BD0004ECD5C /* UIView+Extension.m in Sources */,
				34E08D241B9C2D9F002B5B49 /* MJRefreshBackNormalFooter.m in Sources */,
				4F29CE201B9AD6F200932D9D /* SearchViewController.m in Sources */,
				34FAAB9A1BA6541C00B9FA6A /* HttpTool.m in Sources */,
			);
			runOnlyForDeploymentPostprocessing = 0;
		};
		3474BD9A1B95B24800F4E968 /* Sources */ = {
			isa = PBXSourcesBuildPhase;
			buildActionMask = 2147483647;
			files = (
				3474BDA51B95B24800F4E968 /* ____Tests.m in Sources */,
			);
			runOnlyForDeploymentPostprocessing = 0;
		};
/* End PBXSourcesBuildPhase section */

/* Begin PBXTargetDependency section */
		3474BDA01B95B24800F4E968 /* PBXTargetDependency */ = {
			isa = PBXTargetDependency;
			target = 3474BD841B95B24700F4E968 /* 科技新闻 */;
			targetProxy = 3474BD9F1B95B24800F4E968 /* PBXContainerItemProxy */;
		};
/* End PBXTargetDependency section */

/* Begin PBXVariantGroup section */
		3474BD921B95B24700F4E968 /* Main.storyboard */ = {
			isa = PBXVariantGroup;
			children = (
				3474BD931B95B24700F4E968 /* Base */,
			);
			name = Main.storyboard;
			sourceTree = "<group>";
		};
		3474BD971B95B24700F4E968 /* LaunchScreen.xib */ = {
			isa = PBXVariantGroup;
			children = (
				3474BD981B95B24700F4E968 /* Base */,
			);
			name = LaunchScreen.xib;
			sourceTree = "<group>";
		};
/* End PBXVariantGroup section */

/* Begin XCBuildConfiguration section */
		3474BDA61B95B24800F4E968 /* Debug */ = {
			isa = XCBuildConfiguration;
			buildSettings = {
				ALWAYS_SEARCH_USER_PATHS = NO;
				CLANG_CXX_LANGUAGE_STANDARD = "gnu++0x";
				CLANG_CXX_LIBRARY = "libc++";
				CLANG_ENABLE_MODULES = YES;
				CLANG_ENABLE_OBJC_ARC = YES;
				CLANG_WARN_BOOL_CONVERSION = YES;
				CLANG_WARN_CONSTANT_CONVERSION = YES;
				CLANG_WARN_DIRECT_OBJC_ISA_USAGE = YES_ERROR;
				CLANG_WARN_EMPTY_BODY = YES;
				CLANG_WARN_ENUM_CONVERSION = YES;
				CLANG_WARN_INT_CONVERSION = YES;
				CLANG_WARN_OBJC_ROOT_CLASS = YES_ERROR;
				CLANG_WARN_UNREACHABLE_CODE = YES;
				CLANG_WARN__DUPLICATE_METHOD_MATCH = YES;
				"CODE_SIGN_IDENTITY[sdk=iphoneos*]" = "iPhone Developer";
				COPY_PHASE_STRIP = NO;
				DEBUG_INFORMATION_FORMAT = "dwarf-with-dsym";
				ENABLE_STRICT_OBJC_MSGSEND = YES;
				GCC_C_LANGUAGE_STANDARD = gnu99;
				GCC_DYNAMIC_NO_PIC = NO;
				GCC_NO_COMMON_BLOCKS = YES;
				GCC_OPTIMIZATION_LEVEL = 0;
				GCC_PREPROCESSOR_DEFINITIONS = (
					"DEBUG=1",
					"$(inherited)",
				);
				GCC_SYMBOLS_PRIVATE_EXTERN = NO;
				GCC_WARN_64_TO_32_BIT_CONVERSION = YES;
				GCC_WARN_ABOUT_RETURN_TYPE = YES_ERROR;
				GCC_WARN_UNDECLARED_SELECTOR = YES;
				GCC_WARN_UNINITIALIZED_AUTOS = YES_AGGRESSIVE;
				GCC_WARN_UNUSED_FUNCTION = YES;
				GCC_WARN_UNUSED_VARIABLE = YES;
				IPHONEOS_DEPLOYMENT_TARGET = 8.3;
				MTL_ENABLE_DEBUG_INFO = YES;
				ONLY_ACTIVE_ARCH = YES;
				SDKROOT = iphoneos;
			};
			name = Debug;
		};
		3474BDA71B95B24800F4E968 /* Release */ = {
			isa = XCBuildConfiguration;
			buildSettings = {
				ALWAYS_SEARCH_USER_PATHS = NO;
				CLANG_CXX_LANGUAGE_STANDARD = "gnu++0x";
				CLANG_CXX_LIBRARY = "libc++";
				CLANG_ENABLE_MODULES = YES;
				CLANG_ENABLE_OBJC_ARC = YES;
				CLANG_WARN_BOOL_CONVERSION = YES;
				CLANG_WARN_CONSTANT_CONVERSION = YES;
				CLANG_WARN_DIRECT_OBJC_ISA_USAGE = YES_ERROR;
				CLANG_WARN_EMPTY_BODY = YES;
				CLANG_WARN_ENUM_CONVERSION = YES;
				CLANG_WARN_INT_CONVERSION = YES;
				CLANG_WARN_OBJC_ROOT_CLASS = YES_ERROR;
				CLANG_WARN_UNREACHABLE_CODE = YES;
				CLANG_WARN__DUPLICATE_METHOD_MATCH = YES;
				"CODE_SIGN_IDENTITY[sdk=iphoneos*]" = "iPhone Developer";
				COPY_PHASE_STRIP = NO;
				DEBUG_INFORMATION_FORMAT = "dwarf-with-dsym";
				ENABLE_NS_ASSERTIONS = NO;
				ENABLE_STRICT_OBJC_MSGSEND = YES;
				GCC_C_LANGUAGE_STANDARD = gnu99;
				GCC_NO_COMMON_BLOCKS = YES;
				GCC_WARN_64_TO_32_BIT_CONVERSION = YES;
				GCC_WARN_ABOUT_RETURN_TYPE = YES_ERROR;
				GCC_WARN_UNDECLARED_SELECTOR = YES;
				GCC_WARN_UNINITIALIZED_AUTOS = YES_AGGRESSIVE;
				GCC_WARN_UNUSED_FUNCTION = YES;
				GCC_WARN_UNUSED_VARIABLE = YES;
				IPHONEOS_DEPLOYMENT_TARGET = 8.3;
				MTL_ENABLE_DEBUG_INFO = NO;
				SDKROOT = iphoneos;
				VALIDATE_PRODUCT = YES;
			};
			name = Release;
		};
		3474BDA91B95B24800F4E968 /* Debug */ = {
			isa = XCBuildConfiguration;
			buildSettings = {
				ASSETCATALOG_COMPILER_APPICON_NAME = AppIcon;
				CODE_SIGN_IDENTITY = "iPhone Developer";
				"CODE_SIGN_IDENTITY[sdk=iphoneos*]" = "iPhone Developer";
				INFOPLIST_FILE = "科技新闻/Info.plist";
				IPHONEOS_DEPLOYMENT_TARGET = 7.0;
				LD_RUNPATH_SEARCH_PATHS = "$(inherited) @executable_path/Frameworks";
				PRODUCT_BUNDLE_IDENTIFIER = "com.textML-";
				PRODUCT_NAME = "$(TARGET_NAME)";
				PROVISIONING_PROFILE = "";
			};
			name = Debug;
		};
		3474BDAA1B95B24800F4E968 /* Release */ = {
			isa = XCBuildConfiguration;
			buildSettings = {
				ASSETCATALOG_COMPILER_APPICON_NAME = AppIcon;
				CODE_SIGN_IDENTITY = "iPhone Developer";
				"CODE_SIGN_IDENTITY[sdk=iphoneos*]" = "iPhone Developer";
				INFOPLIST_FILE = "科技新闻/Info.plist";
				IPHONEOS_DEPLOYMENT_TARGET = 7.0;
				LD_RUNPATH_SEARCH_PATHS = "$(inherited) @executable_path/Frameworks";
				PRODUCT_BUNDLE_IDENTIFIER = "com.textML-";
				PRODUCT_NAME = "$(TARGET_NAME)";
				PROVISIONING_PROFILE = "";
			};
			name = Release;
		};
		3474BDAC1B95B24800F4E968 /* Debug */ = {
			isa = XCBuildConfiguration;
			buildSettings = {
				BUNDLE_LOADER = "$(TEST_HOST)";
				FRAMEWORK_SEARCH_PATHS = (
					"$(SDKROOT)/Developer/Library/Frameworks",
					"$(inherited)",
				);
				GCC_PREFIX_HEADER = "";
				GCC_PREPROCESSOR_DEFINITIONS = (
					"DEBUG=1",
					"$(inherited)",
				);
				INFOPLIST_FILE = "科技新闻Tests/Info.plist";
				LD_RUNPATH_SEARCH_PATHS = "$(inherited) @executable_path/Frameworks @loader_path/Frameworks";
				PRODUCT_NAME = "$(TARGET_NAME)";
				TEST_HOST = "$(BUILT_PRODUCTS_DIR)/科技新闻.app/科技新闻";
			};
			name = Debug;
		};
		3474BDAD1B95B24800F4E968 /* Release */ = {
			isa = XCBuildConfiguration;
			buildSettings = {
				BUNDLE_LOADER = "$(TEST_HOST)";
				FRAMEWORK_SEARCH_PATHS = (
					"$(SDKROOT)/Developer/Library/Frameworks",
					"$(inherited)",
				);
				GCC_PREFIX_HEADER = "";
				INFOPLIST_FILE = "科技新闻Tests/Info.plist";
				LD_RUNPATH_SEARCH_PATHS = "$(inherited) @executable_path/Frameworks @loader_path/Frameworks";
				PRODUCT_NAME = "$(TARGET_NAME)";
				TEST_HOST = "$(BUILT_PRODUCTS_DIR)/科技新闻.app/科技新闻";
			};
			name = Release;
		};
/* End XCBuildConfiguration section */

/* Begin XCConfigurationList section */
		3474BD801B95B24700F4E968 /* Build configuration list for PBXProject "科技新闻" */ = {
			isa = XCConfigurationList;
			buildConfigurations = (
				3474BDA61B95B24800F4E968 /* Debug */,
				3474BDA71B95B24800F4E968 /* Release */,
			);
			defaultConfigurationIsVisible = 0;
			defaultConfigurationName = Release;
		};
		3474BDA81B95B24800F4E968 /* Build configuration list for PBXNativeTarget "科技新闻" */ = {
			isa = XCConfigurationList;
			buildConfigurations = (
				3474BDA91B95B24800F4E968 /* Debug */,
				3474BDAA1B95B24800F4E968 /* Release */,
			);
			defaultConfigurationIsVisible = 0;
			defaultConfigurationName = Release;
		};
		3474BDAB1B95B24800F4E968 /* Build configuration list for PBXNativeTarget "科技新闻Tests" */ = {
			isa = XCConfigurationList;
			buildConfigurations = (
				3474BDAC1B95B24800F4E968 /* Debug */,
				3474BDAD1B95B24800F4E968 /* Release */,
			);
			defaultConfigurationIsVisible = 0;
			defaultConfigurationName = Release;
		};
/* End XCConfigurationList section */
	};
	rootObject = 3474BD7D1B95B24700F4E968 /* Project object */;
}
